// !$*UTF8*$!
{
	archiveVersion = 1;
	classes = {
	};
	objectVersion = 56;
	objects = {

/* Begin PBXBuildFile section */
		750562592B290C95000D62CD /* AppDelegate.swift in Sources */ = {isa = PBXBuildFile; fileRef = 750562582B290C95000D62CD /* AppDelegate.swift */; };
		7505625B2B290C95000D62CD /* SceneDelegate.swift in Sources */ = {isa = PBXBuildFile; fileRef = 7505625A2B290C95000D62CD /* SceneDelegate.swift */; };
		7505625D2B290C95000D62CD /* HomeViewController.swift in Sources */ = {isa = PBXBuildFile; fileRef = 7505625C2B290C95000D62CD /* HomeViewController.swift */; };
		750562602B290C95000D62CD /* Main.storyboard in Resources */ = {isa = PBXBuildFile; fileRef = 7505625E2B290C95000D62CD /* Main.storyboard */; };
		750562622B290C97000D62CD /* Assets.xcassets in Resources */ = {isa = PBXBuildFile; fileRef = 750562612B290C97000D62CD /* Assets.xcassets */; };
		750562652B290C97000D62CD /* LaunchScreen.storyboard in Resources */ = {isa = PBXBuildFile; fileRef = 750562632B290C97000D62CD /* LaunchScreen.storyboard */; };
		750562722B290F39000D62CD /* ExploreViewController.swift in Sources */ = {isa = PBXBuildFile; fileRef = 750562712B290F39000D62CD /* ExploreViewController.swift */; };
		750562742B290F62000D62CD /* CameraViewController.swift in Sources */ = {isa = PBXBuildFile; fileRef = 750562732B290F62000D62CD /* CameraViewController.swift */; };
		750562762B290F84000D62CD /* NotificationsViewController.swift in Sources */ = {isa = PBXBuildFile; fileRef = 750562752B290F84000D62CD /* NotificationsViewController.swift */; };
		750562782B290FA5000D62CD /* ProfileViewController.swift in Sources */ = {isa = PBXBuildFile; fileRef = 750562772B290FA5000D62CD /* ProfileViewController.swift */; };
		7505627D2B291090000D62CD /* LoginViewController.swift in Sources */ = {isa = PBXBuildFile; fileRef = 7505627C2B291090000D62CD /* LoginViewController.swift */; };
		7505627F2B29109F000D62CD /* RegistrationViewController.swift in Sources */ = {isa = PBXBuildFile; fileRef = 7505627E2B29109F000D62CD /* RegistrationViewController.swift */; };
		750562812B2910E9000D62CD /* PostViewController.swift in Sources */ = {isa = PBXBuildFile; fileRef = 750562802B2910E9000D62CD /* PostViewController.swift */; };
		750562832B291140000D62CD /* EditProfileViewController.swift in Sources */ = {isa = PBXBuildFile; fileRef = 750562822B29113F000D62CD /* EditProfileViewController.swift */; };
		750562852B29115F000D62CD /* SettingsViewController.swift in Sources */ = {isa = PBXBuildFile; fileRef = 750562842B29115F000D62CD /* SettingsViewController.swift */; };
		750562872B291197000D62CD /* ListViewController.swift in Sources */ = {isa = PBXBuildFile; fileRef = 750562862B291197000D62CD /* ListViewController.swift */; };
		750562892B2911B9000D62CD /* SearchViewController.swift in Sources */ = {isa = PBXBuildFile; fileRef = 750562882B2911B9000D62CD /* SearchViewController.swift */; };
		7505628B2B2911E2000D62CD /* SearchResultViewController.swift in Sources */ = {isa = PBXBuildFile; fileRef = 7505628A2B2911E2000D62CD /* SearchResultViewController.swift */; };
		7505628D2B291228000D62CD /* PostEditorViewController.swift in Sources */ = {isa = PBXBuildFile; fileRef = 7505628C2B291228000D62CD /* PostEditorViewController.swift */; };
		7505628F2B2912D7000D62CD /* PublishPostViewController.swift in Sources */ = {isa = PBXBuildFile; fileRef = 7505628E2B2912D7000D62CD /* PublishPostViewController.swift */; };
/* End PBXBuildFile section */

/* Begin PBXFileReference section */
		750562552B290C95000D62CD /* Instagram.app */ = {isa = PBXFileReference; explicitFileType = wrapper.application; includeInIndex = 0; path = Instagram.app; sourceTree = BUILT_PRODUCTS_DIR; };
		750562582B290C95000D62CD /* AppDelegate.swift */ = {isa = PBXFileReference; lastKnownFileType = sourcecode.swift; path = AppDelegate.swift; sourceTree = "<group>"; };
		7505625A2B290C95000D62CD /* SceneDelegate.swift */ = {isa = PBXFileReference; lastKnownFileType = sourcecode.swift; path = SceneDelegate.swift; sourceTree = "<group>"; };
		7505625C2B290C95000D62CD /* HomeViewController.swift */ = {isa = PBXFileReference; lastKnownFileType = sourcecode.swift; path = HomeViewController.swift; sourceTree = "<group>"; };
		7505625F2B290C95000D62CD /* Base */ = {isa = PBXFileReference; lastKnownFileType = file.storyboard; name = Base; path = Base.lproj/Main.storyboard; sourceTree = "<group>"; };
		750562612B290C97000D62CD /* Assets.xcassets */ = {isa = PBXFileReference; lastKnownFileType = folder.assetcatalog; path = Assets.xcassets; sourceTree = "<group>"; };
		750562642B290C97000D62CD /* Base */ = {isa = PBXFileReference; lastKnownFileType = file.storyboard; name = Base; path = Base.lproj/LaunchScreen.storyboard; sourceTree = "<group>"; };
		750562662B290C97000D62CD /* Info.plist */ = {isa = PBXFileReference; lastKnownFileType = text.plist.xml; path = Info.plist; sourceTree = "<group>"; };
		750562712B290F39000D62CD /* ExploreViewController.swift */ = {isa = PBXFileReference; lastKnownFileType = sourcecode.swift; path = ExploreViewController.swift; sourceTree = "<group>"; };
		750562732B290F62000D62CD /* CameraViewController.swift */ = {isa = PBXFileReference; lastKnownFileType = sourcecode.swift; path = CameraViewController.swift; sourceTree = "<group>"; };
		750562752B290F84000D62CD /* NotificationsViewController.swift */ = {isa = PBXFileReference; lastKnownFileType = sourcecode.swift; path = NotificationsViewController.swift; sourceTree = "<group>"; };
		750562772B290FA5000D62CD /* ProfileViewController.swift */ = {isa = PBXFileReference; lastKnownFileType = sourcecode.swift; path = ProfileViewController.swift; sourceTree = "<group>"; };
		7505627C2B291090000D62CD /* LoginViewController.swift */ = {isa = PBXFileReference; lastKnownFileType = sourcecode.swift; path = LoginViewController.swift; sourceTree = "<group>"; };
		7505627E2B29109F000D62CD /* RegistrationViewController.swift */ = {isa = PBXFileReference; lastKnownFileType = sourcecode.swift; path = RegistrationViewController.swift; sourceTree = "<group>"; };
		750562802B2910E9000D62CD /* PostViewController.swift */ = {isa = PBXFileReference; lastKnownFileType = sourcecode.swift; path = PostViewController.swift; sourceTree = "<group>"; };
		750562822B29113F000D62CD /* EditProfileViewController.swift */ = {isa = PBXFileReference; lastKnownFileType = sourcecode.swift; path = EditProfileViewController.swift; sourceTree = "<group>"; };
		750562842B29115F000D62CD /* SettingsViewController.swift */ = {isa = PBXFileReference; lastKnownFileType = sourcecode.swift; path = SettingsViewController.swift; sourceTree = "<group>"; };
		750562862B291197000D62CD /* ListViewController.swift */ = {isa = PBXFileReference; lastKnownFileType = sourcecode.swift; path = ListViewController.swift; sourceTree = "<group>"; };
		750562882B2911B9000D62CD /* SearchViewController.swift */ = {isa = PBXFileReference; lastKnownFileType = sourcecode.swift; path = SearchViewController.swift; sourceTree = "<group>"; };
		7505628A2B2911E2000D62CD /* SearchResultViewController.swift */ = {isa = PBXFileReference; lastKnownFileType = sourcecode.swift; path = SearchResultViewController.swift; sourceTree = "<group>"; };
		7505628C2B291228000D62CD /* PostEditorViewController.swift */ = {isa = PBXFileReference; lastKnownFileType = sourcecode.swift; path = PostEditorViewController.swift; sourceTree = "<group>"; };
		7505628E2B2912D7000D62CD /* PublishPostViewController.swift */ = {isa = PBXFileReference; lastKnownFileType = sourcecode.swift; path = PublishPostViewController.swift; sourceTree = "<group>"; };
/* End PBXFileReference section */

/* Begin PBXFrameworksBuildPhase section */
		750562522B290C95000D62CD /* Frameworks */ = {
			isa = PBXFrameworksBuildPhase;
			buildActionMask = 2147483647;
			files = (
			);
			runOnlyForDeploymentPostprocessing = 0;
		};
/* End PBXFrameworksBuildPhase section */

/* Begin PBXGroup section */
		7505624C2B290C95000D62CD = {
			isa = PBXGroup;
			children = (
				750562572B290C95000D62CD /* Instagram */,
				750562562B290C95000D62CD /* Products */,
			);
			sourceTree = "<group>";
		};
		750562562B290C95000D62CD /* Products */ = {
			isa = PBXGroup;
			children = (
				750562552B290C95000D62CD /* Instagram.app */,
			);
			name = Products;
			sourceTree = "<group>";
		};
		750562572B290C95000D62CD /* Instagram */ = {
			isa = PBXGroup;
			children = (
				7505626F2B290DA4000D62CD /* Resources */,
				7505626E2B290D97000D62CD /* Models */,
				7505626D2B290D8A000D62CD /* Views */,
				7505626C2B290D7B000D62CD /* Controllers */,
				750562662B290C97000D62CD /* Info.plist */,
			);
			path = Instagram;
			sourceTree = "<group>";
		};
		7505626C2B290D7B000D62CD /* Controllers */ = {
			isa = PBXGroup;
			children = (
				7505627A2B29103E000D62CD /* Other */,
				750562802B2910E9000D62CD /* PostViewController.swift */,
				750562792B290FE0000D62CD /* Core Tabs */,
				750562822B29113F000D62CD /* EditProfileViewController.swift */,
				750562842B29115F000D62CD /* SettingsViewController.swift */,
				750562862B291197000D62CD /* ListViewController.swift */,
				750562882B2911B9000D62CD /* SearchViewController.swift */,
				7505628A2B2911E2000D62CD /* SearchResultViewController.swift */,
				7505628C2B291228000D62CD /* PostEditorViewController.swift */,
				7505628E2B2912D7000D62CD /* PublishPostViewController.swift */,
			);
			path = Controllers;
			sourceTree = "<group>";
		};
		7505626D2B290D8A000D62CD /* Views */ = {
			isa = PBXGroup;
			children = (
				750562612B290C97000D62CD /* Assets.xcassets */,
				750562702B290E59000D62CD /* Storyboards */,
			);
			path = Views;
			sourceTree = "<group>";
		};
		7505626E2B290D97000D62CD /* Models */ = {
			isa = PBXGroup;
			children = (
			);
			path = Models;
			sourceTree = "<group>";
		};
		7505626F2B290DA4000D62CD /* Resources */ = {
			isa = PBXGroup;
			children = (
				750562582B290C95000D62CD /* AppDelegate.swift */,
				7505625A2B290C95000D62CD /* SceneDelegate.swift */,
			);
			path = Resources;
			sourceTree = "<group>";
		};
		750562702B290E59000D62CD /* Storyboards */ = {
			isa = PBXGroup;
			children = (
				7505625E2B290C95000D62CD /* Main.storyboard */,
				750562632B290C97000D62CD /* LaunchScreen.storyboard */,
			);
			path = Storyboards;
			sourceTree = "<group>";
		};
		750562792B290FE0000D62CD /* Core Tabs */ = {
			isa = PBXGroup;
			children = (
				7505625C2B290C95000D62CD /* HomeViewController.swift */,
				750562712B290F39000D62CD /* ExploreViewController.swift */,
				750562732B290F62000D62CD /* CameraViewController.swift */,
				750562752B290F84000D62CD /* NotificationsViewController.swift */,
				750562772B290FA5000D62CD /* ProfileViewController.swift */,
			);
			path = "Core Tabs";
			sourceTree = "<group>";
		};
		7505627A2B29103E000D62CD /* Other */ = {
			isa = PBXGroup;
			children = (
				7505627B2B291050000D62CD /* Onboarding */,
			);
			path = Other;
			sourceTree = "<group>";
		};
		7505627B2B291050000D62CD /* Onboarding */ = {
			isa = PBXGroup;
			children = (
				7505627C2B291090000D62CD /* LoginViewController.swift */,
				7505627E2B29109F000D62CD /* RegistrationViewController.swift */,
			);
			path = Onboarding;
			sourceTree = "<group>";
		};
/* End PBXGroup section */

/* Begin PBXNativeTarget section */
		750562542B290C95000D62CD /* Instagram */ = {
			isa = PBXNativeTarget;
			buildConfigurationList = 750562692B290C97000D62CD /* Build configuration list for PBXNativeTarget "Instagram" */;
			buildPhases = (
				750562512B290C95000D62CD /* Sources */,
				750562522B290C95000D62CD /* Frameworks */,
				750562532B290C95000D62CD /* Resources */,
			);
			buildRules = (
			);
			dependencies = (
			);
			name = Instagram;
			productName = Instagram;
			productReference = 750562552B290C95000D62CD /* Instagram.app */;
			productType = "com.apple.product-type.application";
		};
/* End PBXNativeTarget section */

/* Begin PBXProject section */
		7505624D2B290C95000D62CD /* Project object */ = {
			isa = PBXProject;
			attributes = {
				BuildIndependentTargetsInParallel = 1;
				LastSwiftUpdateCheck = 1430;
				LastUpgradeCheck = 1430;
				TargetAttributes = {
					750562542B290C95000D62CD = {
						CreatedOnToolsVersion = 14.3.1;
					};
				};
			};
			buildConfigurationList = 750562502B290C95000D62CD /* Build configuration list for PBXProject "Instagram" */;
			compatibilityVersion = "Xcode 14.0";
			developmentRegion = en;
			hasScannedForEncodings = 0;
			knownRegions = (
				en,
				Base,
			);
			mainGroup = 7505624C2B290C95000D62CD;
			productRefGroup = 750562562B290C95000D62CD /* Products */;
			projectDirPath = "";
			projectRoot = "";
			targets = (
				750562542B290C95000D62CD /* Instagram */,
			);
		};
/* End PBXProject section */

/* Begin PBXResourcesBuildPhase section */
		750562532B290C95000D62CD /* Resources */ = {
			isa = PBXResourcesBuildPhase;
			buildActionMask = 2147483647;
			files = (
				750562652B290C97000D62CD /* LaunchScreen.storyboard in Resources */,
				750562622B290C97000D62CD /* Assets.xcassets in Resources */,
				750562602B290C95000D62CD /* Main.storyboard in Resources */,
			);
			runOnlyForDeploymentPostprocessing = 0;
		};
/* End PBXResourcesBuildPhase section */

/* Begin PBXSourcesBuildPhase section */
		750562512B290C95000D62CD /* Sources */ = {
			isa = PBXSourcesBuildPhase;
			buildActionMask = 2147483647;
			files = (
				750562832B291140000D62CD /* EditProfileViewController.swift in Sources */,
				750562722B290F39000D62CD /* ExploreViewController.swift in Sources */,
				7505628F2B2912D7000D62CD /* PublishPostViewController.swift in Sources */,
				750562742B290F62000D62CD /* CameraViewController.swift in Sources */,
				7505625D2B290C95000D62CD /* HomeViewController.swift in Sources */,
				7505627F2B29109F000D62CD /* RegistrationViewController.swift in Sources */,
				7505628D2B291228000D62CD /* PostEditorViewController.swift in Sources */,
				750562812B2910E9000D62CD /* PostViewController.swift in Sources */,
				750562762B290F84000D62CD /* NotificationsViewController.swift in Sources */,
				7505628B2B2911E2000D62CD /* SearchResultViewController.swift in Sources */,
				7505627D2B291090000D62CD /* LoginViewController.swift in Sources */,
				750562892B2911B9000D62CD /* SearchViewController.swift in Sources */,
				750562782B290FA5000D62CD /* ProfileViewController.swift in Sources */,
				750562592B290C95000D62CD /* AppDelegate.swift in Sources */,
				7505625B2B290C95000D62CD /* SceneDelegate.swift in Sources */,
				750562872B291197000D62CD /* ListViewController.swift in Sources */,
				750562852B29115F000D62CD /* SettingsViewController.swift in Sources */,
			);
			runOnlyForDeploymentPostprocessing = 0;
		};
/* End PBXSourcesBuildPhase section */

/* Begin PBXVariantGroup section */
		7505625E2B290C95000D62CD /* Main.storyboard */ = {
			isa = PBXVariantGroup;
			children = (
				7505625F2B290C95000D62CD /* Base */,
			);
			name = Main.storyboard;
			sourceTree = "<group>";
		};
		750562632B290C97000D62CD /* LaunchScreen.storyboard */ = {
			isa = PBXVariantGroup;
			children = (
				750562642B290C97000D62CD /* Base */,
			);
			name = LaunchScreen.storyboard;
			sourceTree = "<group>";
		};
/* End PBXVariantGroup section */

/* Begin XCBuildConfiguration section */
		750562672B290C97000D62CD /* Debug */ = {
			isa = XCBuildConfiguration;
			buildSettings = {
				ALWAYS_SEARCH_USER_PATHS = NO;
				CLANG_ANALYZER_NONNULL = YES;
				CLANG_ANALYZER_NUMBER_OBJECT_CONVERSION = YES_AGGRESSIVE;
				CLANG_CXX_LANGUAGE_STANDARD = "gnu++20";
				CLANG_ENABLE_MODULES = YES;
				CLANG_ENABLE_OBJC_ARC = YES;
				CLANG_ENABLE_OBJC_WEAK = YES;
				CLANG_WARN_BLOCK_CAPTURE_AUTORELEASING = YES;
				CLANG_WARN_BOOL_CONVERSION = YES;
				CLANG_WARN_COMMA = YES;
				CLANG_WARN_CONSTANT_CONVERSION = YES;
				CLANG_WARN_DEPRECATED_OBJC_IMPLEMENTATIONS = YES;
				CLANG_WARN_DIRECT_OBJC_ISA_USAGE = YES_ERROR;
				CLANG_WARN_DOCUMENTATION_COMMENTS = YES;
				CLANG_WARN_EMPTY_BODY = YES;
				CLANG_WARN_ENUM_CONVERSION = YES;
				CLANG_WARN_INFINITE_RECURSION = YES;
				CLANG_WARN_INT_CONVERSION = YES;
				CLANG_WARN_NON_LITERAL_NULL_CONVERSION = YES;
				CLANG_WARN_OBJC_IMPLICIT_RETAIN_SELF = YES;
				CLANG_WARN_OBJC_LITERAL_CONVERSION = YES;
				CLANG_WARN_OBJC_ROOT_CLASS = YES_ERROR;
				CLANG_WARN_QUOTED_INCLUDE_IN_FRAMEWORK_HEADER = YES;
				CLANG_WARN_RANGE_LOOP_ANALYSIS = YES;
				CLANG_WARN_STRICT_PROTOTYPES = YES;
				CLANG_WARN_SUSPICIOUS_MOVE = YES;
				CLANG_WARN_UNGUARDED_AVAILABILITY = YES_AGGRESSIVE;
				CLANG_WARN_UNREACHABLE_CODE = YES;
				CLANG_WARN__DUPLICATE_METHOD_MATCH = YES;
				COPY_PHASE_STRIP = NO;
				DEBUG_INFORMATION_FORMAT = dwarf;
				ENABLE_STRICT_OBJC_MSGSEND = YES;
				ENABLE_TESTABILITY = YES;
				GCC_C_LANGUAGE_STANDARD = gnu11;
				GCC_DYNAMIC_NO_PIC = NO;
				GCC_NO_COMMON_BLOCKS = YES;
				GCC_OPTIMIZATION_LEVEL = 0;
				GCC_PREPROCESSOR_DEFINITIONS = (
					"DEBUG=1",
					"$(inherited)",
				);
				GCC_WARN_64_TO_32_BIT_CONVERSION = YES;
				GCC_WARN_ABOUT_RETURN_TYPE = YES_ERROR;
				GCC_WARN_UNDECLARED_SELECTOR = YES;
				GCC_WARN_UNINITIALIZED_AUTOS = YES_AGGRESSIVE;
				GCC_WARN_UNUSED_FUNCTION = YES;
				GCC_WARN_UNUSED_VARIABLE = YES;
				IPHONEOS_DEPLOYMENT_TARGET = 16.4;
				MTL_ENABLE_DEBUG_INFO = INCLUDE_SOURCE;
				MTL_FAST_MATH = YES;
				ONLY_ACTIVE_ARCH = YES;
				SDKROOT = iphoneos;
				SWIFT_ACTIVE_COMPILATION_CONDITIONS = DEBUG;
				SWIFT_OPTIMIZATION_LEVEL = "-Onone";
			};
			name = Debug;
		};
		750562682B290C97000D62CD /* Release */ = {
			isa = XCBuildConfiguration;
			buildSettings = {
				ALWAYS_SEARCH_USER_PATHS = NO;
				CLANG_ANALYZER_NONNULL = YES;
				CLANG_ANALYZER_NUMBER_OBJECT_CONVERSION = YES_AGGRESSIVE;
				CLANG_CXX_LANGUAGE_STANDARD = "gnu++20";
				CLANG_ENABLE_MODULES = YES;
				CLANG_ENABLE_OBJC_ARC = YES;
				CLANG_ENABLE_OBJC_WEAK = YES;
				CLANG_WARN_BLOCK_CAPTURE_AUTORELEASING = YES;
				CLANG_WARN_BOOL_CONVERSION = YES;
				CLANG_WARN_COMMA = YES;
				CLANG_WARN_CONSTANT_CONVERSION = YES;
				CLANG_WARN_DEPRECATED_OBJC_IMPLEMENTATIONS = YES;
				CLANG_WARN_DIRECT_OBJC_ISA_USAGE = YES_ERROR;
				CLANG_WARN_DOCUMENTATION_COMMENTS = YES;
				CLANG_WARN_EMPTY_BODY = YES;
				CLANG_WARN_ENUM_CONVERSION = YES;
				CLANG_WARN_INFINITE_RECURSION = YES;
				CLANG_WARN_INT_CONVERSION = YES;
				CLANG_WARN_NON_LITERAL_NULL_CONVERSION = YES;
				CLANG_WARN_OBJC_IMPLICIT_RETAIN_SELF = YES;
				CLANG_WARN_OBJC_LITERAL_CONVERSION = YES;
				CLANG_WARN_OBJC_ROOT_CLASS = YES_ERROR;
				CLANG_WARN_QUOTED_INCLUDE_IN_FRAMEWORK_HEADER = YES;
				CLANG_WARN_RANGE_LOOP_ANALYSIS = YES;
				CLANG_WARN_STRICT_PROTOTYPES = YES;
				CLANG_WARN_SUSPICIOUS_MOVE = YES;
				CLANG_WARN_UNGUARDED_AVAILABILITY = YES_AGGRESSIVE;
				CLANG_WARN_UNREACHABLE_CODE = YES;
				CLANG_WARN__DUPLICATE_METHOD_MATCH = YES;
				COPY_PHASE_STRIP = NO;
				DEBUG_INFORMATION_FORMAT = "dwarf-with-dsym";
				ENABLE_NS_ASSERTIONS = NO;
				ENABLE_STRICT_OBJC_MSGSEND = YES;
				GCC_C_LANGUAGE_STANDARD = gnu11;
				GCC_NO_COMMON_BLOCKS = YES;
				GCC_WARN_64_TO_32_BIT_CONVERSION = YES;
				GCC_WARN_ABOUT_RETURN_TYPE = YES_ERROR;
				GCC_WARN_UNDECLARED_SELECTOR = YES;
				GCC_WARN_UNINITIALIZED_AUTOS = YES_AGGRESSIVE;
				GCC_WARN_UNUSED_FUNCTION = YES;
				GCC_WARN_UNUSED_VARIABLE = YES;
				IPHONEOS_DEPLOYMENT_TARGET = 16.4;
				MTL_ENABLE_DEBUG_INFO = NO;
				MTL_FAST_MATH = YES;
				SDKROOT = iphoneos;
				SWIFT_COMPILATION_MODE = wholemodule;
				SWIFT_OPTIMIZATION_LEVEL = "-O";
				VALIDATE_PRODUCT = YES;
			};
			name = Release;
		};
		7505626A2B290C97000D62CD /* Debug */ = {
			isa = XCBuildConfiguration;
			buildSettings = {
				ASSETCATALOG_COMPILER_APPICON_NAME = AppIcon;
				ASSETCATALOG_COMPILER_GLOBAL_ACCENT_COLOR_NAME = AccentColor;
				CODE_SIGN_STYLE = Automatic;
				CURRENT_PROJECT_VERSION = 1;
				DEVELOPMENT_TEAM = VM55LWG8PP;
				GENERATE_INFOPLIST_FILE = YES;
				INFOPLIST_FILE = Instagram/Info.plist;
				INFOPLIST_KEY_UIApplicationSupportsIndirectInputEvents = YES;
				INFOPLIST_KEY_UILaunchStoryboardName = LaunchScreen;
				INFOPLIST_KEY_UIMainStoryboardFile = Main;
				INFOPLIST_KEY_UISupportedInterfaceOrientations_iPad = "UIInterfaceOrientationPortrait UIInterfaceOrientationPortraitUpsideDown UIInterfaceOrientationLandscapeLeft UIInterfaceOrientationLandscapeRight";
				INFOPLIST_KEY_UISupportedInterfaceOrientations_iPhone = "UIInterfaceOrientationPortrait UIInterfaceOrientationLandscapeLeft UIInterfaceOrientationLandscapeRight";
				LD_RUNPATH_SEARCH_PATHS = (
					"$(inherited)",
					"@executable_path/Frameworks",
				);
				MARKETING_VERSION = 1.0;
				PRODUCT_BUNDLE_IDENTIFIER = com.elizeurs.Instagram;
				PRODUCT_NAME = "$(TARGET_NAME)";
				SWIFT_EMIT_LOC_STRINGS = YES;
				SWIFT_VERSION = 5.0;
				TARGETED_DEVICE_FAMILY = "1,2";
			};
			name = Debug;
		};
		7505626B2B290C97000D62CD /* Release */ = {
			isa = XCBuildConfiguration;
			buildSettings = {
				ASSETCATALOG_COMPILER_APPICON_NAME = AppIcon;
				ASSETCATALOG_COMPILER_GLOBAL_ACCENT_COLOR_NAME = AccentColor;
				CODE_SIGN_STYLE = Automatic;
				CURRENT_PROJECT_VERSION = 1;
				DEVELOPMENT_TEAM = VM55LWG8PP;
				GENERATE_INFOPLIST_FILE = YES;
				INFOPLIST_FILE = Instagram/Info.plist;
				INFOPLIST_KEY_UIApplicationSupportsIndirectInputEvents = YES;
				INFOPLIST_KEY_UILaunchStoryboardName = LaunchScreen;
				INFOPLIST_KEY_UIMainStoryboardFile = Main;
				INFOPLIST_KEY_UISupportedInterfaceOrientations_iPad = "UIInterfaceOrientationPortrait UIInterfaceOrientationPortraitUpsideDown UIInterfaceOrientationLandscapeLeft UIInterfaceOrientationLandscapeRight";
				INFOPLIST_KEY_UISupportedInterfaceOrientations_iPhone = "UIInterfaceOrientationPortrait UIInterfaceOrientationLandscapeLeft UIInterfaceOrientationLandscapeRight";
				LD_RUNPATH_SEARCH_PATHS = (
					"$(inherited)",
					"@executable_path/Frameworks",
				);
				MARKETING_VERSION = 1.0;
				PRODUCT_BUNDLE_IDENTIFIER = com.elizeurs.Instagram;
				PRODUCT_NAME = "$(TARGET_NAME)";
				SWIFT_EMIT_LOC_STRINGS = YES;
				SWIFT_VERSION = 5.0;
				TARGETED_DEVICE_FAMILY = "1,2";
			};
			name = Release;
		};
/* End XCBuildConfiguration section */

/* Begin XCConfigurationList section */
		750562502B290C95000D62CD /* Build configuration list for PBXProject "Instagram" */ = {
			isa = XCConfigurationList;
			buildConfigurations = (
				750562672B290C97000D62CD /* Debug */,
				750562682B290C97000D62CD /* Release */,
			);
			defaultConfigurationIsVisible = 0;
			defaultConfigurationName = Release;
		};
		750562692B290C97000D62CD /* Build configuration list for PBXNativeTarget "Instagram" */ = {
			isa = XCConfigurationList;
			buildConfigurations = (
				7505626A2B290C97000D62CD /* Debug */,
				7505626B2B290C97000D62CD /* Release */,
			);
			defaultConfigurationIsVisible = 0;
			defaultConfigurationName = Release;
		};
/* End XCConfigurationList section */
	};
	rootObject = 7505624D2B290C95000D62CD /* Project object */;
}
